// !$*UTF8*$!
{
	archiveVersion = 1;
	classes = {
	};
	objectVersion = 46;
	objects = {

/* Begin PBXBuildFile section */
		0E47B66A19A39547002E48A8 /* Foundation.framework in Frameworks */ = {isa = PBXBuildFile; fileRef = 0E47B66919A39547002E48A8 /* Foundation.framework */; };
		0E47B66C19A39547002E48A8 /* CoreGraphics.framework in Frameworks */ = {isa = PBXBuildFile; fileRef = 0E47B66B19A39547002E48A8 /* CoreGraphics.framework */; };
		0E47B66E19A39547002E48A8 /* UIKit.framework in Frameworks */ = {isa = PBXBuildFile; fileRef = 0E47B66D19A39547002E48A8 /* UIKit.framework */; };
		0E47B67419A39547002E48A8 /* InfoPlist.strings in Resources */ = {isa = PBXBuildFile; fileRef = 0E47B67219A39547002E48A8 /* InfoPlist.strings */; };
		0E47B67619A39547002E48A8 /* main.m in Sources */ = {isa = PBXBuildFile; fileRef = 0E47B67519A39547002E48A8 /* main.m */; };
		0E47B67A19A39547002E48A8 /* JYEAppDelegate.m in Sources */ = {isa = PBXBuildFile; fileRef = 0E47B67919A39547002E48A8 /* JYEAppDelegate.m */; };
		0E47B67D19A39547002E48A8 /* Main_iPhone.storyboard in Resources */ = {isa = PBXBuildFile; fileRef = 0E47B67B19A39547002E48A8 /* Main_iPhone.storyboard */; };
		0E47B68019A39547002E48A8 /* Main_iPad.storyboard in Resources */ = {isa = PBXBuildFile; fileRef = 0E47B67E19A39547002E48A8 /* Main_iPad.storyboard */; };
		0E47B68319A39547002E48A8 /* JYEMainViewController.m in Sources */ = {isa = PBXBuildFile; fileRef = 0E47B68219A39547002E48A8 /* JYEMainViewController.m */; };
		0E47B68519A39547002E48A8 /* Images.xcassets in Resources */ = {isa = PBXBuildFile; fileRef = 0E47B68419A39547002E48A8 /* Images.xcassets */; };
		0E47B68C19A39547002E48A8 /* XCTest.framework in Frameworks */ = {isa = PBXBuildFile; fileRef = 0E47B68B19A39547002E48A8 /* XCTest.framework */; };
		0E47B68D19A39547002E48A8 /* Foundation.framework in Frameworks */ = {isa = PBXBuildFile; fileRef = 0E47B66919A39547002E48A8 /* Foundation.framework */; };
		0E47B68E19A39547002E48A8 /* UIKit.framework in Frameworks */ = {isa = PBXBuildFile; fileRef = 0E47B66D19A39547002E48A8 /* UIKit.framework */; };
		0E47B69619A39547002E48A8 /* InfoPlist.strings in Resources */ = {isa = PBXBuildFile; fileRef = 0E47B69419A39547002E48A8 /* InfoPlist.strings */; };
		0E47B69819A39547002E48A8 /* JYControlTests.m in Sources */ = {isa = PBXBuildFile; fileRef = 0E47B69719A39547002E48A8 /* JYControlTests.m */; };
		0E47B6A619A399AC002E48A8 /* AsyncSocket.m in Sources */ = {isa = PBXBuildFile; fileRef = 0E47B6A319A399AC002E48A8 /* AsyncSocket.m */; settings = {COMPILER_FLAGS = "-fno-objc-arc"; }; };
		0E47B6A719A399AC002E48A8 /* AsyncUdpSocket.m in Sources */ = {isa = PBXBuildFile; fileRef = 0E47B6A519A399AC002E48A8 /* AsyncUdpSocket.m */; settings = {COMPILER_FLAGS = "-fno-objc-arc"; }; };
		0E47B6A919A399C1002E48A8 /* CFNetwork.framework in Frameworks */ = {isa = PBXBuildFile; fileRef = 0E47B6A819A399C1002E48A8 /* CFNetwork.framework */; };
		0EAABE5519AA467600187017 /* JYESettingViewController.m in Sources */ = {isa = PBXBuildFile; fileRef = 0EAABE5419AA467600187017 /* JYESettingViewController.m */; };
		0EAABE5819AA48DE00187017 /* JYEComFirstViewController.m in Sources */ = {isa = PBXBuildFile; fileRef = 0EAABE5719AA48DE00187017 /* JYEComFirstViewController.m */; };
		0EAABE5B19AA48F100187017 /* JYEComSecondViewController.m in Sources */ = {isa = PBXBuildFile; fileRef = 0EAABE5A19AA48F100187017 /* JYEComSecondViewController.m */; };
		0ECF4DFD19AAE670007B6549 /* JYECommandSender.m in Sources */ = {isa = PBXBuildFile; fileRef = 0ECF4DFC19AAE670007B6549 /* JYECommandSender.m */; };
/* End PBXBuildFile section */

/* Begin PBXContainerItemProxy section */
		0E47B68F19A39547002E48A8 /* PBXContainerItemProxy */ = {
			isa = PBXContainerItemProxy;
			containerPortal = 0E47B65E19A39547002E48A8 /* Project object */;
			proxyType = 1;
			remoteGlobalIDString = 0E47B66519A39547002E48A8;
			remoteInfo = JYControl;
		};
/* End PBXContainerItemProxy section */

/* Begin PBXFileReference section */
		0E47B66619A39547002E48A8 /* JYControl.app */ = {isa = PBXFileReference; explicitFileType = wrapper.application; includeInIndex = 0; path = JYControl.app; sourceTree = BUILT_PRODUCTS_DIR; };
		0E47B66919A39547002E48A8 /* Foundation.framework */ = {isa = PBXFileReference; lastKnownFileType = wrapper.framework; name = Foundation.framework; path = System/Library/Frameworks/Foundation.framework; sourceTree = SDKROOT; };
		0E47B66B19A39547002E48A8 /* CoreGraphics.framework */ = {isa = PBXFileReference; lastKnownFileType = wrapper.framework; name = CoreGraphics.framework; path = System/Library/Frameworks/CoreGraphics.framework; sourceTree = SDKROOT; };
		0E47B66D19A39547002E48A8 /* UIKit.framework */ = {isa = PBXFileReference; lastKnownFileType = wrapper.framework; name = UIKit.framework; path = System/Library/Frameworks/UIKit.framework; sourceTree = SDKROOT; };
		0E47B67119A39547002E48A8 /* JYControl-Info.plist */ = {isa = PBXFileReference; lastKnownFileType = text.plist.xml; path = "JYControl-Info.plist"; sourceTree = "<group>"; };
		0E47B67319A39547002E48A8 /* en */ = {isa = PBXFileReference; lastKnownFileType = text.plist.strings; name = en; path = en.lproj/InfoPlist.strings; sourceTree = "<group>"; };
		0E47B67519A39547002E48A8 /* main.m */ = {isa = PBXFileReference; lastKnownFileType = sourcecode.c.objc; path = main.m; sourceTree = "<group>"; };
		0E47B67719A39547002E48A8 /* JYControl-Prefix.pch */ = {isa = PBXFileReference; lastKnownFileType = sourcecode.c.h; path = "JYControl-Prefix.pch"; sourceTree = "<group>"; };
		0E47B67819A39547002E48A8 /* JYEAppDelegate.h */ = {isa = PBXFileReference; lastKnownFileType = sourcecode.c.h; path = JYEAppDelegate.h; sourceTree = "<group>"; };
		0E47B67919A39547002E48A8 /* JYEAppDelegate.m */ = {isa = PBXFileReference; lastKnownFileType = sourcecode.c.objc; path = JYEAppDelegate.m; sourceTree = "<group>"; };
		0E47B67C19A39547002E48A8 /* Base */ = {isa = PBXFileReference; lastKnownFileType = file.storyboard; name = Base; path = Base.lproj/Main_iPhone.storyboard; sourceTree = "<group>"; };
		0E47B67F19A39547002E48A8 /* Base */ = {isa = PBXFileReference; lastKnownFileType = file.storyboard; name = Base; path = Base.lproj/Main_iPad.storyboard; sourceTree = "<group>"; };
		0E47B68119A39547002E48A8 /* JYEMainViewController.h */ = {isa = PBXFileReference; lastKnownFileType = sourcecode.c.h; path = JYEMainViewController.h; sourceTree = "<group>"; };
		0E47B68219A39547002E48A8 /* JYEMainViewController.m */ = {isa = PBXFileReference; lastKnownFileType = sourcecode.c.objc; path = JYEMainViewController.m; sourceTree = "<group>"; };
		0E47B68419A39547002E48A8 /* Images.xcassets */ = {isa = PBXFileReference; lastKnownFileType = folder.assetcatalog; path = Images.xcassets; sourceTree = "<group>"; };
		0E47B68A19A39547002E48A8 /* JYControlTests.xctest */ = {isa = PBXFileReference; explicitFileType = wrapper.cfbundle; includeInIndex = 0; path = JYControlTests.xctest; sourceTree = BUILT_PRODUCTS_DIR; };
		0E47B68B19A39547002E48A8 /* XCTest.framework */ = {isa = PBXFileReference; lastKnownFileType = wrapper.framework; name = XCTest.framework; path = Library/Frameworks/XCTest.framework; sourceTree = DEVELOPER_DIR; };
		0E47B69319A39547002E48A8 /* JYControlTests-Info.plist */ = {isa = PBXFileReference; lastKnownFileType = text.plist.xml; path = "JYControlTests-Info.plist"; sourceTree = "<group>"; };
		0E47B69519A39547002E48A8 /* en */ = {isa = PBXFileReference; lastKnownFileType = text.plist.strings; name = en; path = en.lproj/InfoPlist.strings; sourceTree = "<group>"; };
		0E47B69719A39547002E48A8 /* JYControlTests.m */ = {isa = PBXFileReference; lastKnownFileType = sourcecode.c.objc; path = JYControlTests.m; sourceTree = "<group>"; };
		0E47B6A219A399AC002E48A8 /* AsyncSocket.h */ = {isa = PBXFileReference; fileEncoding = 4; lastKnownFileType = sourcecode.c.h; name = AsyncSocket.h; path = AsyncSocket/AsyncSocket.h; sourceTree = "<group>"; };
		0E47B6A319A399AC002E48A8 /* AsyncSocket.m */ = {isa = PBXFileReference; fileEncoding = 4; lastKnownFileType = sourcecode.c.objc; name = AsyncSocket.m; path = AsyncSocket/AsyncSocket.m; sourceTree = "<group>"; };
		0E47B6A419A399AC002E48A8 /* AsyncUdpSocket.h */ = {isa = PBXFileReference; fileEncoding = 4; lastKnownFileType = sourcecode.c.h; name = AsyncUdpSocket.h; path = AsyncSocket/AsyncUdpSocket.h; sourceTree = "<group>"; };
		0E47B6A519A399AC002E48A8 /* AsyncUdpSocket.m */ = {isa = PBXFileReference; fileEncoding = 4; lastKnownFileType = sourcecode.c.objc; name = AsyncUdpSocket.m; path = AsyncSocket/AsyncUdpSocket.m; sourceTree = "<group>"; };
		0E47B6A819A399C1002E48A8 /* CFNetwork.framework */ = {isa = PBXFileReference; lastKnownFileType = wrapper.framework; name = CFNetwork.framework; path = System/Library/Frameworks/CFNetwork.framework; sourceTree = SDKROOT; };
		0EAABE5319AA467600187017 /* JYESettingViewController.h */ = {isa = PBXFileReference; fileEncoding = 4; lastKnownFileType = sourcecode.c.h; path = JYESettingViewController.h; sourceTree = "<group>"; };
		0EAABE5419AA467600187017 /* JYESettingViewController.m */ = {isa = PBXFileReference; fileEncoding = 4; lastKnownFileType = sourcecode.c.objc; path = JYESettingViewController.m; sourceTree = "<group>"; };
		0EAABE5619AA48DE00187017 /* JYEComFirstViewController.h */ = {isa = PBXFileReference; fileEncoding = 4; lastKnownFileType = sourcecode.c.h; path = JYEComFirstViewController.h; sourceTree = "<group>"; };
		0EAABE5719AA48DE00187017 /* JYEComFirstViewController.m */ = {isa = PBXFileReference; fileEncoding = 4; lastKnownFileType = sourcecode.c.objc; path = JYEComFirstViewController.m; sourceTree = "<group>"; };
		0EAABE5919AA48F100187017 /* JYEComSecondViewController.h */ = {isa = PBXFileReference; fileEncoding = 4; lastKnownFileType = sourcecode.c.h; path = JYEComSecondViewController.h; sourceTree = "<group>"; };
		0EAABE5A19AA48F100187017 /* JYEComSecondViewController.m */ = {isa = PBXFileReference; fileEncoding = 4; lastKnownFileType = sourcecode.c.objc; path = JYEComSecondViewController.m; sourceTree = "<group>"; };
		0ECF4DFB19AAE670007B6549 /* JYECommandSender.h */ = {isa = PBXFileReference; fileEncoding = 4; lastKnownFileType = sourcecode.c.h; path = JYECommandSender.h; sourceTree = "<group>"; };
		0ECF4DFC19AAE670007B6549 /* JYECommandSender.m */ = {isa = PBXFileReference; fileEncoding = 4; lastKnownFileType = sourcecode.c.objc; path = JYECommandSender.m; sourceTree = "<group>"; };
/* End PBXFileReference section */

/* Begin PBXFrameworksBuildPhase section */
		0E47B66319A39547002E48A8 /* Frameworks */ = {
			isa = PBXFrameworksBuildPhase;
			buildActionMask = 2147483647;
			files = (
				0E47B6A919A399C1002E48A8 /* CFNetwork.framework in Frameworks */,
				0E47B66C19A39547002E48A8 /* CoreGraphics.framework in Frameworks */,
				0E47B66E19A39547002E48A8 /* UIKit.framework in Frameworks */,
				0E47B66A19A39547002E48A8 /* Foundation.framework in Frameworks */,
			);
			runOnlyForDeploymentPostprocessing = 0;
		};
		0E47B68719A39547002E48A8 /* Frameworks */ = {
			isa = PBXFrameworksBuildPhase;
			buildActionMask = 2147483647;
			files = (
				0E47B68C19A39547002E48A8 /* XCTest.framework in Frameworks */,
				0E47B68E19A39547002E48A8 /* UIKit.framework in Frameworks */,
				0E47B68D19A39547002E48A8 /* Foundation.framework in Frameworks */,
			);
			runOnlyForDeploymentPostprocessing = 0;
		};
/* End PBXFrameworksBuildPhase section */

/* Begin PBXGroup section */
		0E47B65D19A39547002E48A8 = {
			isa = PBXGroup;
			children = (
				0E47B66F19A39547002E48A8 /* JYControl */,
				0E47B69119A39547002E48A8 /* JYControlTests */,
				0E47B66819A39547002E48A8 /* Frameworks */,
				0E47B66719A39547002E48A8 /* Products */,
			);
			sourceTree = "<group>";
		};
		0E47B66719A39547002E48A8 /* Products */ = {
			isa = PBXGroup;
			children = (
				0E47B66619A39547002E48A8 /* JYControl.app */,
				0E47B68A19A39547002E48A8 /* JYControlTests.xctest */,
			);
			name = Products;
			sourceTree = "<group>";
		};
		0E47B66819A39547002E48A8 /* Frameworks */ = {
			isa = PBXGroup;
			children = (
				0E47B6A819A399C1002E48A8 /* CFNetwork.framework */,
				0E47B66919A39547002E48A8 /* Foundation.framework */,
				0E47B66B19A39547002E48A8 /* CoreGraphics.framework */,
				0E47B66D19A39547002E48A8 /* UIKit.framework */,
				0E47B68B19A39547002E48A8 /* XCTest.framework */,
			);
			name = Frameworks;
			sourceTree = "<group>";
		};
		0E47B66F19A39547002E48A8 /* JYControl */ = {
			isa = PBXGroup;
			children = (
				0E47B6A119A39972002E48A8 /* AsyncSocket */,
				0E47B67819A39547002E48A8 /* JYEAppDelegate.h */,
				0E47B67919A39547002E48A8 /* JYEAppDelegate.m */,
				0E47B67B19A39547002E48A8 /* Main_iPhone.storyboard */,
				0E47B67E19A39547002E48A8 /* Main_iPad.storyboard */,
				0E47B68119A39547002E48A8 /* JYEMainViewController.h */,
				0E47B68219A39547002E48A8 /* JYEMainViewController.m */,
				0EAABE5319AA467600187017 /* JYESettingViewController.h */,
				0EAABE5419AA467600187017 /* JYESettingViewController.m */,
				0EAABE5619AA48DE00187017 /* JYEComFirstViewController.h */,
				0ECF4DFB19AAE670007B6549 /* JYECommandSender.h */,
				0ECF4DFC19AAE670007B6549 /* JYECommandSender.m */,
				0EAABE5719AA48DE00187017 /* JYEComFirstViewController.m */,
				0EAABE5919AA48F100187017 /* JYEComSecondViewController.h */,
				0EAABE5A19AA48F100187017 /* JYEComSecondViewController.m */,
				0E47B68419A39547002E48A8 /* Images.xcassets */,
				0E47B67019A39547002E48A8 /* Supporting Files */,
			);
			path = JYControl;
			sourceTree = "<group>";
		};
		0E47B67019A39547002E48A8 /* Supporting Files */ = {
			isa = PBXGroup;
			children = (
				0E47B67119A39547002E48A8 /* JYControl-Info.plist */,
				0E47B67219A39547002E48A8 /* InfoPlist.strings */,
				0E47B67519A39547002E48A8 /* main.m */,
				0E47B67719A39547002E48A8 /* JYControl-Prefix.pch */,
			);
			name = "Supporting Files";
			sourceTree = "<group>";
		};
		0E47B69119A39547002E48A8 /* JYControlTests */ = {
			isa = PBXGroup;
			children = (
				0E47B69719A39547002E48A8 /* JYControlTests.m */,
				0E47B69219A39547002E48A8 /* Supporting Files */,
			);
			path = JYControlTests;
			sourceTree = "<group>";
		};
		0E47B69219A39547002E48A8 /* Supporting Files */ = {
			isa = PBXGroup;
			children = (
				0E47B69319A39547002E48A8 /* JYControlTests-Info.plist */,
				0E47B69419A39547002E48A8 /* InfoPlist.strings */,
			);
			name = "Supporting Files";
			sourceTree = "<group>";
		};
		0E47B6A119A39972002E48A8 /* AsyncSocket */ = {
			isa = PBXGroup;
			children = (
				0E47B6A219A399AC002E48A8 /* AsyncSocket.h */,
				0E47B6A319A399AC002E48A8 /* AsyncSocket.m */,
				0E47B6A419A399AC002E48A8 /* AsyncUdpSocket.h */,
				0E47B6A519A399AC002E48A8 /* AsyncUdpSocket.m */,
			);
			name = AsyncSocket;
			sourceTree = "<group>";
		};
/* End PBXGroup section */

/* Begin PBXNativeTarget section */
		0E47B66519A39547002E48A8 /* JYControl */ = {
			isa = PBXNativeTarget;
			buildConfigurationList = 0E47B69B19A39547002E48A8 /* Build configuration list for PBXNativeTarget "JYControl" */;
			buildPhases = (
				0E47B66219A39547002E48A8 /* Sources */,
				0E47B66319A39547002E48A8 /* Frameworks */,
				0E47B66419A39547002E48A8 /* Resources */,
			);
			buildRules = (
			);
			dependencies = (
			);
			name = JYControl;
			productName = JYControl;
			productReference = 0E47B66619A39547002E48A8 /* JYControl.app */;
			productType = "com.apple.product-type.application";
		};
		0E47B68919A39547002E48A8 /* JYControlTests */ = {
			isa = PBXNativeTarget;
			buildConfigurationList = 0E47B69E19A39547002E48A8 /* Build configuration list for PBXNativeTarget "JYControlTests" */;
			buildPhases = (
				0E47B68619A39547002E48A8 /* Sources */,
				0E47B68719A39547002E48A8 /* Frameworks */,
				0E47B68819A39547002E48A8 /* Resources */,
			);
			buildRules = (
			);
			dependencies = (
				0E47B69019A39547002E48A8 /* PBXTargetDependency */,
			);
			name = JYControlTests;
			productName = JYControlTests;
			productReference = 0E47B68A19A39547002E48A8 /* JYControlTests.xctest */;
			productType = "com.apple.product-type.bundle.unit-test";
		};
/* End PBXNativeTarget section */

/* Begin PBXProject section */
		0E47B65E19A39547002E48A8 /* Project object */ = {
			isa = PBXProject;
			attributes = {
				CLASSPREFIX = JYE;
				LastUpgradeCheck = 0510;
				ORGANIZATIONNAME = mqq.com;
				TargetAttributes = {
					0E47B68919A39547002E48A8 = {
						TestTargetID = 0E47B66519A39547002E48A8;
					};
				};
			};
			buildConfigurationList = 0E47B66119A39547002E48A8 /* Build configuration list for PBXProject "JYControl" */;
			compatibilityVersion = "Xcode 3.2";
			developmentRegion = English;
			hasScannedForEncodings = 0;
			knownRegions = (
				en,
				Base,
			);
			mainGroup = 0E47B65D19A39547002E48A8;
			productRefGroup = 0E47B66719A39547002E48A8 /* Products */;
			projectDirPath = "";
			projectRoot = "";
			targets = (
				0E47B66519A39547002E48A8 /* JYControl */,
				0E47B68919A39547002E48A8 /* JYControlTests */,
			);
		};
/* End PBXProject section */

/* Begin PBXResourcesBuildPhase section */
		0E47B66419A39547002E48A8 /* Resources */ = {
			isa = PBXResourcesBuildPhase;
			buildActionMask = 2147483647;
			files = (
				0E47B68019A39547002E48A8 /* Main_iPad.storyboard in Resources */,
				0E47B68519A39547002E48A8 /* Images.xcassets in Resources */,
				0E47B67D19A39547002E48A8 /* Main_iPhone.storyboard in Resources */,
				0E47B67419A39547002E48A8 /* InfoPlist.strings in Resources */,
			);
			runOnlyForDeploymentPostprocessing = 0;
		};
		0E47B68819A39547002E48A8 /* Resources */ = {
			isa = PBXResourcesBuildPhase;
			buildActionMask = 2147483647;
			files = (
				0E47B69619A39547002E48A8 /* InfoPlist.strings in Resources */,
			);
			runOnlyForDeploymentPostprocessing = 0;
		};
/* End PBXResourcesBuildPhase section */

/* Begin PBXSourcesBuildPhase section */
		0E47B66219A39547002E48A8 /* Sources */ = {
			isa = PBXSourcesBuildPhase;
			buildActionMask = 2147483647;
			files = (
				0E47B67619A39547002E48A8 /* main.m in Sources */,
				0EAABE5B19AA48F100187017 /* JYEComSecondViewController.m in Sources */,
				0E47B6A719A399AC002E48A8 /* AsyncUdpSocket.m in Sources */,
				0E47B67A19A39547002E48A8 /* JYEAppDelegate.m in Sources */,
				0EAABE5819AA48DE00187017 /* JYEComFirstViewController.m in Sources */,
				0ECF4DFD19AAE670007B6549 /* JYECommandSender.m in Sources */,
				0E47B68319A39547002E48A8 /* JYEMainViewController.m in Sources */,
				0EAABE5519AA467600187017 /* JYESettingViewController.m in Sources */,
				0E47B6A619A399AC002E48A8 /* AsyncSocket.m in Sources */,
			);
			runOnlyForDeploymentPostprocessing = 0;
		};
		0E47B68619A39547002E48A8 /* Sources */ = {
			isa = PBXSourcesBuildPhase;
			buildActionMask = 2147483647;
			files = (
				0E47B69819A39547002E48A8 /* JYControlTests.m in Sources */,
			);
			runOnlyForDeploymentPostprocessing = 0;
		};
/* End PBXSourcesBuildPhase section */

/* Begin PBXTargetDependency section */
		0E47B69019A39547002E48A8 /* PBXTargetDependency */ = {
			isa = PBXTargetDependency;
			target = 0E47B66519A39547002E48A8 /* JYControl */;
			targetProxy = 0E47B68F19A39547002E48A8 /* PBXContainerItemProxy */;
		};
/* End PBXTargetDependency section */

/* Begin PBXVariantGroup section */
		0E47B67219A39547002E48A8 /* InfoPlist.strings */ = {
			isa = PBXVariantGroup;
			children = (
				0E47B67319A39547002E48A8 /* en */,
			);
			name = InfoPlist.strings;
			sourceTree = "<group>";
		};
		0E47B67B19A39547002E48A8 /* Main_iPhone.storyboard */ = {
			isa = PBXVariantGroup;
			children = (
				0E47B67C19A39547002E48A8 /* Base */,
			);
			name = Main_iPhone.storyboard;
			sourceTree = "<group>";
		};
		0E47B67E19A39547002E48A8 /* Main_iPad.storyboard */ = {
			isa = PBXVariantGroup;
			children = (
				0E47B67F19A39547002E48A8 /* Base */,
			);
			name = Main_iPad.storyboard;
			sourceTree = "<group>";
		};
		0E47B69419A39547002E48A8 /* InfoPlist.strings */ = {
			isa = PBXVariantGroup;
			children = (
				0E47B69519A39547002E48A8 /* en */,
			);
			name = InfoPlist.strings;
			sourceTree = "<group>";
		};
/* End PBXVariantGroup section */

/* Begin XCBuildConfiguration section */
		0E47B69919A39547002E48A8 /* Debug */ = {
			isa = XCBuildConfiguration;
			buildSettings = {
				ALWAYS_SEARCH_USER_PATHS = NO;
				CLANG_CXX_LANGUAGE_STANDARD = "gnu++0x";
				CLANG_CXX_LIBRARY = "libc++";
				CLANG_ENABLE_MODULES = YES;
				CLANG_ENABLE_OBJC_ARC = YES;
				CLANG_WARN_BOOL_CONVERSION = YES;
				CLANG_WARN_CONSTANT_CONVERSION = YES;
				CLANG_WARN_DIRECT_OBJC_ISA_USAGE = YES_ERROR;
				CLANG_WARN_EMPTY_BODY = YES;
				CLANG_WARN_ENUM_CONVERSION = YES;
				CLANG_WARN_INT_CONVERSION = YES;
				CLANG_WARN_OBJC_ROOT_CLASS = YES_ERROR;
				CLANG_WARN__DUPLICATE_METHOD_MATCH = YES;
				"CODE_SIGN_IDENTITY[sdk=iphoneos*]" = "iPhone Developer";
				COPY_PHASE_STRIP = NO;
				GCC_C_LANGUAGE_STANDARD = gnu99;
				GCC_DYNAMIC_NO_PIC = NO;
				GCC_OPTIMIZATION_LEVEL = 0;
				GCC_PREPROCESSOR_DEFINITIONS = (
					"DEBUG=1",
					"$(inherited)",
				);
				GCC_SYMBOLS_PRIVATE_EXTERN = NO;
				GCC_WARN_64_TO_32_BIT_CONVERSION = YES;
				GCC_WARN_ABOUT_RETURN_TYPE = YES_ERROR;
				GCC_WARN_UNDECLARED_SELECTOR = YES;
				GCC_WARN_UNINITIALIZED_AUTOS = YES_AGGRESSIVE;
				GCC_WARN_UNUSED_FUNCTION = YES;
				GCC_WARN_UNUSED_VARIABLE = YES;
				IPHONEOS_DEPLOYMENT_TARGET = 7.1;
				ONLY_ACTIVE_ARCH = YES;
				SDKROOT = iphoneos;
				TARGETED_DEVICE_FAMILY = "1,2";
			};
			name = Debug;
		};
		0E47B69A19A39547002E48A8 /* Release */ = {
			isa = XCBuildConfiguration;
			buildSettings = {
				ALWAYS_SEARCH_USER_PATHS = NO;
				CLANG_CXX_LANGUAGE_STANDARD = "gnu++0x";
				CLANG_CXX_LIBRARY = "libc++";
				CLANG_ENABLE_MODULES = YES;
				CLANG_ENABLE_OBJC_ARC = YES;
				CLANG_WARN_BOOL_CONVERSION = YES;
				CLANG_WARN_CONSTANT_CONVERSION = YES;
				CLANG_WARN_DIRECT_OBJC_ISA_USAGE = YES_ERROR;
				CLANG_WARN_EMPTY_BODY = YES;
				CLANG_WARN_ENUM_CONVERSION = YES;
				CLANG_WARN_INT_CONVERSION = YES;
				CLANG_WARN_OBJC_ROOT_CLASS = YES_ERROR;
				CLANG_WARN__DUPLICATE_METHOD_MATCH = YES;
				"CODE_SIGN_IDENTITY[sdk=iphoneos*]" = "iPhone Developer";
				COPY_PHASE_STRIP = YES;
				ENABLE_NS_ASSERTIONS = NO;
				GCC_C_LANGUAGE_STANDARD = gnu99;
				GCC_WARN_64_TO_32_BIT_CONVERSION = YES;
				GCC_WARN_ABOUT_RETURN_TYPE = YES_ERROR;
				GCC_WARN_UNDECLARED_SELECTOR = YES;
				GCC_WARN_UNINITIALIZED_AUTOS = YES_AGGRESSIVE;
				GCC_WARN_UNUSED_FUNCTION = YES;
				GCC_WARN_UNUSED_VARIABLE = YES;
				IPHONEOS_DEPLOYMENT_TARGET = 7.1;
				SDKROOT = iphoneos;
				TARGETED_DEVICE_FAMILY = "1,2";
				VALIDATE_PRODUCT = YES;
			};
			name = Release;
		};
		0E47B69C19A39547002E48A8 /* Debug */ = {
			isa = XCBuildConfiguration;
			buildSettings = {
				ASSETCATALOG_COMPILER_APPICON_NAME = AppIcon;
				ASSETCATALOG_COMPILER_LAUNCHIMAGE_NAME = LaunchImage;
				GCC_PRECOMPILE_PREFIX_HEADER = YES;
				GCC_PREFIX_HEADER = "JYControl/JYControl-Prefix.pch";
				INFOPLIST_FILE = "JYControl/JYControl-Info.plist";
				PRODUCT_NAME = "$(TARGET_NAME)";
				WRAPPER_EXTENSION = app;
			};
			name = Debug;
		};
		0E47B69D19A39547002E48A8 /* Release */ = {
			isa = XCBuildConfiguration;
			buildSettings = {
				ASSETCATALOG_COMPILER_APPICON_NAME = AppIcon;
				ASSETCATALOG_COMPILER_LAUNCHIMAGE_NAME = LaunchImage;
				GCC_PRECOMPILE_PREFIX_HEADER = YES;
				GCC_PREFIX_HEADER = "JYControl/JYControl-Prefix.pch";
				INFOPLIST_FILE = "JYControl/JYControl-Info.plist";
				PRODUCT_NAME = "$(TARGET_NAME)";
				WRAPPER_EXTENSION = app;
			};
			name = Release;
		};
		0E47B69F19A39547002E48A8 /* Debug */ = {
			isa = XCBuildConfiguration;
			buildSettings = {
				BUNDLE_LOADER = "$(BUILT_PRODUCTS_DIR)/JYControl.app/JYControl";
				FRAMEWORK_SEARCH_PATHS = (
					"$(SDKROOT)/Developer/Library/Frameworks",
					"$(inherited)",
					"$(DEVELOPER_FRAMEWORKS_DIR)",
				);
				GCC_PRECOMPILE_PREFIX_HEADER = YES;
				GCC_PREFIX_HEADER = "JYControl/JYControl-Prefix.pch";
				GCC_PREPROCESSOR_DEFINITIONS = (
					"DEBUG=1",
					"$(inherited)",
				);
				INFOPLIST_FILE = "JYControlTests/JYControlTests-Info.plist";
				PRODUCT_NAME = "$(TARGET_NAME)";
				TEST_HOST = "$(BUNDLE_LOADER)";
				WRAPPER_EXTENSION = xctest;
			};
			name = Debug;
		};
		0E47B6A019A39547002E48A8 /* Release */ = {
			isa = XCBuildConfiguration;
			buildSettings = {
				BUNDLE_LOADER = "$(BUILT_PRODUCTS_DIR)/JYControl.app/JYControl";
				FRAMEWORK_SEARCH_PATHS = (
					"$(SDKROOT)/Developer/Library/Frameworks",
					"$(inherited)",
					"$(DEVELOPER_FRAMEWORKS_DIR)",
				);
				GCC_PRECOMPILE_PREFIX_HEADER = YES;
				GCC_PREFIX_HEADER = "JYControl/JYControl-Prefix.pch";
				INFOPLIST_FILE = "JYControlTests/JYControlTests-Info.plist";
				PRODUCT_NAME = "$(TARGET_NAME)";
				TEST_HOST = "$(BUNDLE_LOADER)";
				WRAPPER_EXTENSION = xctest;
			};
			name = Release;
		};
/* End XCBuildConfiguration section */

/* Begin XCConfigurationList section */
		0E47B66119A39547002E48A8 /* Build configuration list for PBXProject "JYControl" */ = {
			isa = XCConfigurationList;
			buildConfigurations = (
				0E47B69919A39547002E48A8 /* Debug */,
				0E47B69A19A39547002E48A8 /* Release */,
			);
			defaultConfigurationIsVisible = 0;
			defaultConfigurationName = Release;
		};
		0E47B69B19A39547002E48A8 /* Build configuration list for PBXNativeTarget "JYControl" */ = {
			isa = XCConfigurationList;
			buildConfigurations = (
				0E47B69C19A39547002E48A8 /* Debug */,
				0E47B69D19A39547002E48A8 /* Release */,
			);
			defaultConfigurationIsVisible = 0;
			defaultConfigurationName = Release;
		};
		0E47B69E19A39547002E48A8 /* Build configuration list for PBXNativeTarget "JYControlTests" */ = {
			isa = XCConfigurationList;
			buildConfigurations = (
				0E47B69F19A39547002E48A8 /* Debug */,
				0E47B6A019A39547002E48A8 /* Release */,
			);
			defaultConfigurationIsVisible = 0;
			defaultConfigurationName = Release;
		};
/* End XCConfigurationList section */
	};
	rootObject = 0E47B65E19A39547002E48A8 /* Project object */;
}
